
Microsoft Visual Studio Solution File, Format Version 12.00
# Visual Studio Version 17
VisualStudioVersion = 17.0.31717.71
MinimumVisualStudioVersion = 10.0.40219.1
Project("{2150E333-8FDC-42A3-9474-1A3956D46DE8}") = "Backend", "Backend", "{573670A9-C335-4B78-AEDB-8A9406B3FFD4}"
EndProject
Project("{2150E333-8FDC-42A3-9474-1A3956D46DE8}") = "Shared", "Shared", "{C794FD31-9DAB-47A6-9374-0F6A6AECFCEF}"
EndProject
Project("{2150E333-8FDC-42A3-9474-1A3956D46DE8}") = "Frontend", "Frontend", "{526907F9-2EEE-43AD-A179-173B833B91ED}"
EndProject
Project("{2150E333-8FDC-42A3-9474-1A3956D46DE8}") = "Web", "Web", "{96365D22-0244-48A3-A3E6-E2814F708B92}"
EndProject
Project("{9A19103F-16F7-4668-BE54-9A1E7A4F7556}") = "CIM.Backend", "Backend\CIM.Backend\CIM.Backend.csproj", "{2CE04362-A447-4A83-988A-30B3E8CC7B32}"
EndProject
Project("{9A19103F-16F7-4668-BE54-9A1E7A4F7556}") = "CIM.Protos", "Shared\CIM.Protos\CIM.Protos.csproj", "{36B09576-0E6F-49A3-86CA-CAC411B92E40}"
EndProject
Project("{9A19103F-16F7-4668-BE54-9A1E7A4F7556}") = "CIM.Web", "Frontend\Web\CIM.Web\CIM.Web.csproj", "{A555BA67-F6E0-450D-8176-1AF39C1F5D72}"
EndProject
Global
	GlobalSection(SolutionConfigurationPlatforms) = preSolution
		Debug|Any CPU = Debug|Any CPU
		Release|Any CPU = Release|Any CPU
	EndGlobalSection
	GlobalSection(ProjectConfigurationPlatforms) = postSolution
		{2CE04362-A447-4A83-988A-30B3E8CC7B32}.Debug|Any CPU.ActiveCfg = Debug|Any CPU
		{2CE04362-A447-4A83-988A-30B3E8CC7B32}.Debug|Any CPU.Build.0 = Debug|Any CPU
		{2CE04362-A447-4A83-988A-30B3E8CC7B32}.Release|Any CPU.ActiveCfg = Release|Any CPU
		{2CE04362-A447-4A83-988A-30B3E8CC7B32}.Release|Any CPU.Build.0 = Release|Any CPU
		{36B09576-0E6F-49A3-86CA-CAC411B92E40}.Debug|Any CPU.ActiveCfg = Debug|Any CPU
		{36B09576-0E6F-49A3-86CA-CAC411B92E40}.Debug|Any CPU.Build.0 = Debug|Any CPU
		{36B09576-0E6F-49A3-86CA-CAC411B92E40}.Release|Any CPU.ActiveCfg = Release|Any CPU
		{36B09576-0E6F-49A3-86CA-CAC411B92E40}.Release|Any CPU.Build.0 = Release|Any CPU
		{A555BA67-F6E0-450D-8176-1AF39C1F5D72}.Debug|Any CPU.ActiveCfg = Debug|Any CPU
		{A555BA67-F6E0-450D-8176-1AF39C1F5D72}.Debug|Any CPU.Build.0 = Debug|Any CPU
		{A555BA67-F6E0-450D-8176-1AF39C1F5D72}.Release|Any CPU.ActiveCfg = Release|Any CPU
		{A555BA67-F6E0-450D-8176-1AF39C1F5D72}.Release|Any CPU.Build.0 = Release|Any CPU
	EndGlobalSection
	GlobalSection(SolutionProperties) = preSolution
		HideSolutionNode = FALSE
	EndGlobalSection
	GlobalSection(NestedProjects) = preSolution
		{96365D22-0244-48A3-A3E6-E2814F708B92} = {526907F9-2EEE-43AD-A179-173B833B91ED}
		{2CE04362-A447-4A83-988A-30B3E8CC7B32} = {573670A9-C335-4B78-AEDB-8A9406B3FFD4}
		{36B09576-0E6F-49A3-86CA-CAC411B92E40} = {C794FD31-9DAB-47A6-9374-0F6A6AECFCEF}
		{A555BA67-F6E0-450D-8176-1AF39C1F5D72} = {96365D22-0244-48A3-A3E6-E2814F708B92}
	EndGlobalSection
	GlobalSection(ExtensibilityGlobals) = postSolution
		SolutionGuid = {0AEB0BBE-FC3B-4D0C-A8BE-78246858892C}
	EndGlobalSection
EndGlobal
